// !$*UTF8*$!
{
	archiveVersion = 1;
	classes = {
	};
	objectVersion = 56;
	objects = {

/* Begin PBXBuildFile section */
		5B35C23A2BCEC70C009885EC /* plannerApp.swift in Sources */ = {isa = PBXBuildFile; fileRef = 5B35C2352BCEC70B009885EC /* plannerApp.swift */; };
		5B35C23B2BCEC70C009885EC /* Assets.xcassets in Resources */ = {isa = PBXBuildFile; fileRef = 5B35C2362BCEC70B009885EC /* Assets.xcassets */; };
		5B35C23C2BCEC70C009885EC /* Preview Assets.xcassets in Resources */ = {isa = PBXBuildFile; fileRef = 5B35C2382BCEC70B009885EC /* Preview Assets.xcassets */; };
		5B35C23D2BCEC70C009885EC /* ContentView.swift in Sources */ = {isa = PBXBuildFile; fileRef = 5B35C2392BCEC70B009885EC /* ContentView.swift */; };
		5B35C2402BD6A81A009885EC /* TodoItem.swift in Sources */ = {isa = PBXBuildFile; fileRef = 5B35C23F2BD6A81A009885EC /* TodoItem.swift */; };
		5B35C2422BD6A82B009885EC /* TodoViewModel.swift in Sources */ = {isa = PBXBuildFile; fileRef = 5B35C2412BD6A82B009885EC /* TodoViewModel.swift */; };
		5B35C2452BD6A860009885EC /* TodoView.swift in Sources */ = {isa = PBXBuildFile; fileRef = 5B35C2442BD6A860009885EC /* TodoView.swift */; };
		5B35C2472BD6A8CC009885EC /* AddView.swift in Sources */ = {isa = PBXBuildFile; fileRef = 5B35C2462BD6A8CC009885EC /* AddView.swift */; };
		5B35C2492BD6A8E8009885EC /* HistoryView.swift in Sources */ = {isa = PBXBuildFile; fileRef = 5B35C2482BD6A8E8009885EC /* HistoryView.swift */; };
		EAFA3BDC2BFE0FAF00FAC58C /* LoginView.swift in Sources */ = {isa = PBXBuildFile; fileRef = EAFA3BDB2BFE0FAF00FAC58C /* LoginView.swift */; };
/* End PBXBuildFile section */

/* Begin PBXFileReference section */
		5B2630DE2BCEC521002E200D /* planner.app */ = {isa = PBXFileReference; explicitFileType = wrapper.application; includeInIndex = 0; path = planner.app; sourceTree = BUILT_PRODUCTS_DIR; };
		5B35C2352BCEC70B009885EC /* plannerApp.swift */ = {isa = PBXFileReference; fileEncoding = 4; lastKnownFileType = sourcecode.swift; path = plannerApp.swift; sourceTree = "<group>"; };
		5B35C2362BCEC70B009885EC /* Assets.xcassets */ = {isa = PBXFileReference; lastKnownFileType = folder.assetcatalog; path = Assets.xcassets; sourceTree = "<group>"; };
		5B35C2382BCEC70B009885EC /* Preview Assets.xcassets */ = {isa = PBXFileReference; lastKnownFileType = folder.assetcatalog; path = "Preview Assets.xcassets"; sourceTree = "<group>"; };
		5B35C2392BCEC70B009885EC /* ContentView.swift */ = {isa = PBXFileReference; fileEncoding = 4; lastKnownFileType = sourcecode.swift; path = ContentView.swift; sourceTree = "<group>"; };
		5B35C23F2BD6A81A009885EC /* TodoItem.swift */ = {isa = PBXFileReference; lastKnownFileType = sourcecode.swift; path = TodoItem.swift; sourceTree = "<group>"; };
		5B35C2412BD6A82B009885EC /* TodoViewModel.swift */ = {isa = PBXFileReference; lastKnownFileType = sourcecode.swift; path = TodoViewModel.swift; sourceTree = "<group>"; };
		5B35C2442BD6A860009885EC /* TodoView.swift */ = {isa = PBXFileReference; lastKnownFileType = sourcecode.swift; path = TodoView.swift; sourceTree = "<group>"; };
		5B35C2462BD6A8CC009885EC /* AddView.swift */ = {isa = PBXFileReference; lastKnownFileType = sourcecode.swift; path = AddView.swift; sourceTree = "<group>"; };
		5B35C2482BD6A8E8009885EC /* HistoryView.swift */ = {isa = PBXFileReference; lastKnownFileType = sourcecode.swift; path = HistoryView.swift; sourceTree = "<group>"; };
		EAFA3BDB2BFE0FAF00FAC58C /* LoginView.swift */ = {isa = PBXFileReference; lastKnownFileType = sourcecode.swift; path = LoginView.swift; sourceTree = "<group>"; };
/* End PBXFileReference section */

/* Begin PBXFrameworksBuildPhase section */
		5B2630DB2BCEC521002E200D /* Frameworks */ = {
			isa = PBXFrameworksBuildPhase;
			buildActionMask = 2147483647;
			files = (
			);
			runOnlyForDeploymentPostprocessing = 0;
		};
/* End PBXFrameworksBuildPhase section */

/* Begin PBXGroup section */
		5B2630D52BCEC521002E200D = {
			isa = PBXGroup;
			children = (
				5B35C2342BCEC70B009885EC /* planner */,
				5B2630DF2BCEC521002E200D /* Products */,
			);
			sourceTree = "<group>";
		};
		5B2630DF2BCEC521002E200D /* Products */ = {
			isa = PBXGroup;
			children = (
				5B2630DE2BCEC521002E200D /* planner.app */,
			);
			name = Products;
			sourceTree = "<group>";
		};
		5B35C2342BCEC70B009885EC /* planner */ = {
			isa = PBXGroup;
			children = (
				5B35C2432BD6A84D009885EC /* View */,
				5B35C23E2BD6A7F7009885EC /* Model */,
				5B35C2352BCEC70B009885EC /* plannerApp.swift */,
				5B35C2392BCEC70B009885EC /* ContentView.swift */,
				5B35C2362BCEC70B009885EC /* Assets.xcassets */,
				5B35C2372BCEC70B009885EC /* Preview Content */,
			);
			path = planner;
			sourceTree = "<group>";
		};
		5B35C2372BCEC70B009885EC /* Preview Content */ = {
			isa = PBXGroup;
			children = (
				5B35C2382BCEC70B009885EC /* Preview Assets.xcassets */,
			);
			path = "Preview Content";
			sourceTree = "<group>";
		};
		5B35C23E2BD6A7F7009885EC /* Model */ = {
			isa = PBXGroup;
			children = (
				5B35C23F2BD6A81A009885EC /* TodoItem.swift */,
				5B35C2412BD6A82B009885EC /* TodoViewModel.swift */,
			);
			path = Model;
			sourceTree = "<group>";
		};
		5B35C2432BD6A84D009885EC /* View */ = {
			isa = PBXGroup;
			children = (
				5B35C2442BD6A860009885EC /* TodoView.swift */,
				5B35C2462BD6A8CC009885EC /* AddView.swift */,
				5B35C2482BD6A8E8009885EC /* HistoryView.swift */,
				EAFA3BDB2BFE0FAF00FAC58C /* LoginView.swift */,
			);
			path = View;
			sourceTree = "<group>";
		};
/* End PBXGroup section */

/* Begin PBXNativeTarget section */
		5B2630DD2BCEC521002E200D /* planner */ = {
			isa = PBXNativeTarget;
			buildConfigurationList = 5B2630EC2BCEC525002E200D /* Build configuration list for PBXNativeTarget "planner" */;
			buildPhases = (
				5B2630DA2BCEC521002E200D /* Sources */,
				5B2630DB2BCEC521002E200D /* Frameworks */,
				5B2630DC2BCEC521002E200D /* Resources */,
			);
			buildRules = (
			);
			dependencies = (
			);
			name = planner;
			productName = dsfgad;
			productReference = 5B2630DE2BCEC521002E200D /* planner.app */;
			productType = "com.apple.product-type.application";
		};
/* End PBXNativeTarget section */

/* Begin PBXProject section */
		5B2630D62BCEC521002E200D /* Project object */ = {
			isa = PBXProject;
			attributes = {
				BuildIndependentTargetsInParallel = 1;
				LastSwiftUpdateCheck = 1420;
				LastUpgradeCheck = 1420;
				TargetAttributes = {
					5B2630DD2BCEC521002E200D = {
						CreatedOnToolsVersion = 14.2;
					};
				};
			};
			buildConfigurationList = 5B2630D92BCEC521002E200D /* Build configuration list for PBXProject "planner" */;
			compatibilityVersion = "Xcode 14.0";
			developmentRegion = en;
			hasScannedForEncodings = 0;
			knownRegions = (
				en,
				Base,
			);
			mainGroup = 5B2630D52BCEC521002E200D;
			productRefGroup = 5B2630DF2BCEC521002E200D /* Products */;
			projectDirPath = "";
			projectRoot = "";
			targets = (
				5B2630DD2BCEC521002E200D /* planner */,
			);
		};
/* End PBXProject section */

/* Begin PBXResourcesBuildPhase section */
		5B2630DC2BCEC521002E200D /* Resources */ = {
			isa = PBXResourcesBuildPhase;
			buildActionMask = 2147483647;
			files = (
				5B35C23C2BCEC70C009885EC /* Preview Assets.xcassets in Resources */,
				5B35C23B2BCEC70C009885EC /* Assets.xcassets in Resources */,
			);
			runOnlyForDeploymentPostprocessing = 0;
		};
/* End PBXResourcesBuildPhase section */

/* Begin PBXSourcesBuildPhase section */
		5B2630DA2BCEC521002E200D /* Sources */ = {
			isa = PBXSourcesBuildPhase;
			buildActionMask = 2147483647;
			files = (
				5B35C2492BD6A8E8009885EC /* HistoryView.swift in Sources */,
				5B35C2452BD6A860009885EC /* TodoView.swift in Sources */,
				5B35C2422BD6A82B009885EC /* TodoViewModel.swift in Sources */,
				5B35C2472BD6A8CC009885EC /* AddView.swift in Sources */,
				5B35C23D2BCEC70C009885EC /* ContentView.swift in Sources */,
				5B35C2402BD6A81A009885EC /* TodoItem.swift in Sources */,
				EAFA3BDC2BFE0FAF00FAC58C /* LoginView.swift in Sources */,
				5B35C23A2BCEC70C009885EC /* plannerApp.swift in Sources */,
			);
			runOnlyForDeploymentPostprocessing = 0;
		};
/* End PBXSourcesBuildPhase section */

/* Begin XCBuildConfiguration section */
		5B2630EA2BCEC525002E200D /* Debug */ = {
			isa = XCBuildConfiguration;
			buildSettings = {
				ALWAYS_SEARCH_USER_PATHS = NO;
				CLANG_ANALYZER_NONNULL = YES;
				CLANG_ANALYZER_NUMBER_OBJECT_CONVERSION = YES_AGGRESSIVE;
				CLANG_CXX_LANGUAGE_STANDARD = "gnu++20";
				CLANG_ENABLE_MODULES = YES;
				CLANG_ENABLE_OBJC_ARC = YES;
				CLANG_ENABLE_OBJC_WEAK = YES;
				CLANG_WARN_BLOCK_CAPTURE_AUTORELEASING = YES;
				CLANG_WARN_BOOL_CONVERSION = YES;
				CLANG_WARN_COMMA = YES;
				CLANG_WARN_CONSTANT_CONVERSION = YES;
				CLANG_WARN_DEPRECATED_OBJC_IMPLEMENTATIONS = YES;
				CLANG_WARN_DIRECT_OBJC_ISA_USAGE = YES_ERROR;
				CLANG_WARN_DOCUMENTATION_COMMENTS = YES;
				CLANG_WARN_EMPTY_BODY = YES;
				CLANG_WARN_ENUM_CONVERSION = YES;
				CLANG_WARN_INFINITE_RECURSION = YES;
				CLANG_WARN_INT_CONVERSION = YES;
				CLANG_WARN_NON_LITERAL_NULL_CONVERSION = YES;
				CLANG_WARN_OBJC_IMPLICIT_RETAIN_SELF = YES;
				CLANG_WARN_OBJC_LITERAL_CONVERSION = YES;
				CLANG_WARN_OBJC_ROOT_CLASS = YES_ERROR;
				CLANG_WARN_QUOTED_INCLUDE_IN_FRAMEWORK_HEADER = YES;
				CLANG_WARN_RANGE_LOOP_ANALYSIS = YES;
				CLANG_WARN_STRICT_PROTOTYPES = YES;
				CLANG_WARN_SUSPICIOUS_MOVE = YES;
				CLANG_WARN_UNGUARDED_AVAILABILITY = YES_AGGRESSIVE;
				CLANG_WARN_UNREACHABLE_CODE = YES;
				CLANG_WARN__DUPLICATE_METHOD_MATCH = YES;
				COPY_PHASE_STRIP = NO;
				DEBUG_INFORMATION_FORMAT = dwarf;
				ENABLE_STRICT_OBJC_MSGSEND = YES;
				ENABLE_TESTABILITY = YES;
				GCC_C_LANGUAGE_STANDARD = gnu11;
				GCC_DYNAMIC_NO_PIC = NO;
				GCC_NO_COMMON_BLOCKS = YES;
				GCC_OPTIMIZATION_LEVEL = 0;
				GCC_PREPROCESSOR_DEFINITIONS = (
					"DEBUG=1",
					"$(inherited)",
				);
				GCC_WARN_64_TO_32_BIT_CONVERSION = YES;
				GCC_WARN_ABOUT_RETURN_TYPE = YES_ERROR;
				GCC_WARN_UNDECLARED_SELECTOR = YES;
				GCC_WARN_UNINITIALIZED_AUTOS = YES_AGGRESSIVE;
				GCC_WARN_UNUSED_FUNCTION = YES;
				GCC_WARN_UNUSED_VARIABLE = YES;
				IPHONEOS_DEPLOYMENT_TARGET = 16.2;
				MTL_ENABLE_DEBUG_INFO = INCLUDE_SOURCE;
				MTL_FAST_MATH = YES;
				ONLY_ACTIVE_ARCH = YES;
				SDKROOT = iphoneos;
				SWIFT_ACTIVE_COMPILATION_CONDITIONS = DEBUG;
				SWIFT_OPTIMIZATION_LEVEL = "-Onone";
			};
			name = Debug;
		};
		5B2630EB2BCEC525002E200D /* Release */ = {
			isa = XCBuildConfiguration;
			buildSettings = {
				ALWAYS_SEARCH_USER_PATHS = NO;
				CLANG_ANALYZER_NONNULL = YES;
				CLANG_ANALYZER_NUMBER_OBJECT_CONVERSION = YES_AGGRESSIVE;
				CLANG_CXX_LANGUAGE_STANDARD = "gnu++20";
				CLANG_ENABLE_MODULES = YES;
				CLANG_ENABLE_OBJC_ARC = YES;
				CLANG_ENABLE_OBJC_WEAK = YES;
				CLANG_WARN_BLOCK_CAPTURE_AUTORELEASING = YES;
				CLANG_WARN_BOOL_CONVERSION = YES;
				CLANG_WARN_COMMA = YES;
				CLANG_WARN_CONSTANT_CONVERSION = YES;
				CLANG_WARN_DEPRECATED_OBJC_IMPLEMENTATIONS = YES;
				CLANG_WARN_DIRECT_OBJC_ISA_USAGE = YES_ERROR;
				CLANG_WARN_DOCUMENTATION_COMMENTS = YES;
				CLANG_WARN_EMPTY_BODY = YES;
				CLANG_WARN_ENUM_CONVERSION = YES;
				CLANG_WARN_INFINITE_RECURSION = YES;
				CLANG_WARN_INT_CONVERSION = YES;
				CLANG_WARN_NON_LITERAL_NULL_CONVERSION = YES;
				CLANG_WARN_OBJC_IMPLICIT_RETAIN_SELF = YES;
				CLANG_WARN_OBJC_LITERAL_CONVERSION = YES;
				CLANG_WARN_OBJC_ROOT_CLASS = YES_ERROR;
				CLANG_WARN_QUOTED_INCLUDE_IN_FRAMEWORK_HEADER = YES;
				CLANG_WARN_RANGE_LOOP_ANALYSIS = YES;
				CLANG_WARN_STRICT_PROTOTYPES = YES;
				CLANG_WARN_SUSPICIOUS_MOVE = YES;
				CLANG_WARN_UNGUARDED_AVAILABILITY = YES_AGGRESSIVE;
				CLANG_WARN_UNREACHABLE_CODE = YES;
				CLANG_WARN__DUPLICATE_METHOD_MATCH = YES;
				COPY_PHASE_STRIP = NO;
				DEBUG_INFORMATION_FORMAT = "dwarf-with-dsym";
				ENABLE_NS_ASSERTIONS = NO;
				ENABLE_STRICT_OBJC_MSGSEND = YES;
				GCC_C_LANGUAGE_STANDARD = gnu11;
				GCC_NO_COMMON_BLOCKS = YES;
				GCC_WARN_64_TO_32_BIT_CONVERSION = YES;
				GCC_WARN_ABOUT_RETURN_TYPE = YES_ERROR;
				GCC_WARN_UNDECLARED_SELECTOR = YES;
				GCC_WARN_UNINITIALIZED_AUTOS = YES_AGGRESSIVE;
				GCC_WARN_UNUSED_FUNCTION = YES;
				GCC_WARN_UNUSED_VARIABLE = YES;
				IPHONEOS_DEPLOYMENT_TARGET = 16.2;
				MTL_ENABLE_DEBUG_INFO = NO;
				MTL_FAST_MATH = YES;
				SDKROOT = iphoneos;
				SWIFT_COMPILATION_MODE = wholemodule;
				SWIFT_OPTIMIZATION_LEVEL = "-O";
				VALIDATE_PRODUCT = YES;
			};
			name = Release;
		};
		5B2630ED2BCEC525002E200D /* Debug */ = {
			isa = XCBuildConfiguration;
			buildSettings = {
				ASSETCATALOG_COMPILER_APPICON_NAME = AppIcon;
				ASSETCATALOG_COMPILER_GLOBAL_ACCENT_COLOR_NAME = AccentColor;
				CODE_SIGN_STYLE = Automatic;
				CURRENT_PROJECT_VERSION = 1;
				DEVELOPMENT_ASSET_PATHS = "\"planner/Preview Content\"";
				DEVELOPMENT_TEAM = 6AX9DNNBRU;
				ENABLE_PREVIEWS = YES;
				GENERATE_INFOPLIST_FILE = YES;
				INFOPLIST_KEY_UIApplicationSceneManifest_Generation = YES;
				INFOPLIST_KEY_UIApplicationSupportsIndirectInputEvents = YES;
				INFOPLIST_KEY_UILaunchScreen_Generation = YES;
				INFOPLIST_KEY_UISupportedInterfaceOrientations_iPad = "UIInterfaceOrientationPortrait UIInterfaceOrientationPortraitUpsideDown UIInterfaceOrientationLandscapeLeft UIInterfaceOrientationLandscapeRight";
				INFOPLIST_KEY_UISupportedInterfaceOrientations_iPhone = "UIInterfaceOrientationPortrait UIInterfaceOrientationLandscapeLeft UIInterfaceOrientationLandscapeRight";
				LD_RUNPATH_SEARCH_PATHS = (
					"$(inherited)",
					"@executable_path/Frameworks",
				);
				MARKETING_VERSION = 1.0;
				PRODUCT_BUNDLE_IDENTIFIER = "zone.martin.martin-planner";
				PRODUCT_NAME = "$(TARGET_NAME)";
				SWIFT_EMIT_LOC_STRINGS = YES;
				SWIFT_VERSION = 5.0;
				TARGETED_DEVICE_FAMILY = "1,2";
			};
			name = Debug;
		};
		5B2630EE2BCEC525002E200D /* Release */ = {
			isa = XCBuildConfiguration;
			buildSettings = {
				ASSETCATALOG_COMPILER_APPICON_NAME = AppIcon;
				ASSETCATALOG_COMPILER_GLOBAL_ACCENT_COLOR_NAME = AccentColor;
				CODE_SIGN_STYLE = Automatic;
				CURRENT_PROJECT_VERSION = 1;
				DEVELOPMENT_ASSET_PATHS = "\"planner/Preview Content\"";
				DEVELOPMENT_TEAM = 6AX9DNNBRU;
				ENABLE_PREVIEWS = YES;
				GENERATE_INFOPLIST_FILE = YES;
				INFOPLIST_KEY_UIApplicationSceneManifest_Generation = YES;
				INFOPLIST_KEY_UIApplicationSupportsIndirectInputEvents = YES;
				INFOPLIST_KEY_UILaunchScreen_Generation = YES;
				INFOPLIST_KEY_UISupportedInterfaceOrientations_iPad = "UIInterfaceOrientationPortrait UIInterfaceOrientationPortraitUpsideDown UIInterfaceOrientationLandscapeLeft UIInterfaceOrientationLandscapeRight";
				INFOPLIST_KEY_UISupportedInterfaceOrientations_iPhone = "UIInterfaceOrientationPortrait UIInterfaceOrientationLandscapeLeft UIInterfaceOrientationLandscapeRight";
				LD_RUNPATH_SEARCH_PATHS = (
					"$(inherited)",
					"@executable_path/Frameworks",
				);
				MARKETING_VERSION = 1.0;
				PRODUCT_BUNDLE_IDENTIFIER = "zone.martin.martin-planner";
				PRODUCT_NAME = "$(TARGET_NAME)";
				SWIFT_EMIT_LOC_STRINGS = YES;
				SWIFT_VERSION = 5.0;
				TARGETED_DEVICE_FAMILY = "1,2";
			};
			name = Release;
		};
/* End XCBuildConfiguration section */

/* Begin XCConfigurationList section */
		5B2630D92BCEC521002E200D /* Build configuration list for PBXProject "planner" */ = {
			isa = XCConfigurationList;
			buildConfigurations = (
				5B2630EA2BCEC525002E200D /* Debug */,
				5B2630EB2BCEC525002E200D /* Release */,
			);
			defaultConfigurationIsVisible = 0;
			defaultConfigurationName = Release;
		};
		5B2630EC2BCEC525002E200D /* Build configuration list for PBXNativeTarget "planner" */ = {
			isa = XCConfigurationList;
			buildConfigurations = (
				5B2630ED2BCEC525002E200D /* Debug */,
				5B2630EE2BCEC525002E200D /* Release */,
			);
			defaultConfigurationIsVisible = 0;
			defaultConfigurationName = Release;
		};
/* End XCConfigurationList section */
	};
	rootObject = 5B2630D62BCEC521002E200D /* Project object */;
}
